
Microsoft Visual Studio Solution File, Format Version 12.00
# Visual Studio Version 17
VisualStudioVersion = 17.14.36414.22 d17.14
MinimumVisualStudioVersion = 10.0.40219.1
Project("{FAE04EC0-301F-11D3-BF4B-00C04F79EFBC}") = "LaserCutHMI.Prototype", "LaserCutHMI.Prototype.csproj", "{EC8711F0-9369-4B01-B97F-C3C009E2A705}"
EndProject
Global
	GlobalSection(SolutionConfigurationPlatforms) = preSolution
		Debug|Any CPU = Debug|Any CPU
		Release|Any CPU = Release|Any CPU
	EndGlobalSection
	GlobalSection(ProjectConfigurationPlatforms) = postSolution
		{EC8711F0-9369-4B01-B97F-C3C009E2A705}.Debug|Any CPU.ActiveCfg = Debug|Any CPU
		{EC8711F0-9369-4B01-B97F-C3C009E2A705}.Debug|Any CPU.Build.0 = Debug|Any CPU
		{EC8711F0-9369-4B01-B97F-C3C009E2A705}.Release|Any CPU.ActiveCfg = Release|Any CPU
		{EC8711F0-9369-4B01-B97F-C3C009E2A705}.Release|Any CPU.Build.0 = Release|Any CPU
	EndGlobalSection
	GlobalSection(SolutionProperties) = preSolution
		HideSolutionNode = FALSE
	EndGlobalSection
	GlobalSection(ExtensibilityGlobals) = postSolution
		SolutionGuid = {BA3EA613-A9AB-4FF8-9138-62776B870C18}
	EndGlobalSection
EndGlobal
